// !$*UTF8*$!
{
	archiveVersion = 1;
	classes = {
	};
	objectVersion = 51;
	objects = {

/* Begin PBXBuildFile section */
		1FD1D71D034D80A1044446C2 /* Pods_pinnedTests.framework in Frameworks */ = {isa = PBXBuildFile; fileRef = A3D5D984168DCD0FF1E57495 /* Pods_pinnedTests.framework */; };
		5BCDEFEE9D7BAC3DFC9D118E /* Pods_pinned.framework in Frameworks */ = {isa = PBXBuildFile; fileRef = 3C1164267B8B31019CB1C7E7 /* Pods_pinned.framework */; };
		61193B43230BA3B70042ADAD /* NotificationViewController.swift in Sources */ = {isa = PBXBuildFile; fileRef = 61193B42230BA3B70042ADAD /* NotificationViewController.swift */; };
		6132FDDA230C980A00EE41D5 /* DescriptionViewController.swift in Sources */ = {isa = PBXBuildFile; fileRef = 6132FDD9230C980A00EE41D5 /* DescriptionViewController.swift */; };
		616B4E6C22D4DA79006728E6 /* ViewController.swift in Sources */ = {isa = PBXBuildFile; fileRef = 616B4E6B22D4DA79006728E6 /* ViewController.swift */; };
		616B4E6F22D54F9C006728E6 /* PinViewController.swift in Sources */ = {isa = PBXBuildFile; fileRef = 616B4E6E22D54F9C006728E6 /* PinViewController.swift */; };
		61A2A53522D29E1000A56054 /* AppDelegate.swift in Sources */ = {isa = PBXBuildFile; fileRef = 61A2A53422D29E1000A56054 /* AppDelegate.swift */; };
		61A2A53C22D29E1200A56054 /* Assets.xcassets in Resources */ = {isa = PBXBuildFile; fileRef = 61A2A53B22D29E1200A56054 /* Assets.xcassets */; };
		61A2A53F22D29E1200A56054 /* LaunchScreen.storyboard in Resources */ = {isa = PBXBuildFile; fileRef = 61A2A53D22D29E1200A56054 /* LaunchScreen.storyboard */; };
		61A2A54A22D29E1200A56054 /* pinnedTests.swift in Sources */ = {isa = PBXBuildFile; fileRef = 61A2A54922D29E1200A56054 /* pinnedTests.swift */; };
		61A2A55522D29E1200A56054 /* pinnedUITests.swift in Sources */ = {isa = PBXBuildFile; fileRef = 61A2A55422D29E1200A56054 /* pinnedUITests.swift */; };
		61AC2848230B67170092EB32 /* GoogleService-Info.plist in Resources */ = {isa = PBXBuildFile; fileRef = 61AC2847230B67170092EB32 /* GoogleService-Info.plist */; };
		61AC2849230B67BF0092EB32 /* GoogleService-Info.plist in Resources */ = {isa = PBXBuildFile; fileRef = 61AC2847230B67170092EB32 /* GoogleService-Info.plist */; };
		61AC284A230B67BF0092EB32 /* GoogleService-Info.plist in Resources */ = {isa = PBXBuildFile; fileRef = 61AC2847230B67170092EB32 /* GoogleService-Info.plist */; };
		61B2A34222E3B2310044C5D5 /* Main.storyboard in Resources */ = {isa = PBXBuildFile; fileRef = 61B2A34022E3B2310044C5D5 /* Main.storyboard */; };
		BADD8B733852579375114F8A /* Pods_pinnedUITests.framework in Frameworks */ = {isa = PBXBuildFile; fileRef = 26DA78065C25C3C59709D3BB /* Pods_pinnedUITests.framework */; };
/* End PBXBuildFile section */

/* Begin PBXContainerItemProxy section */
		61A2A54622D29E1200A56054 /* PBXContainerItemProxy */ = {
			isa = PBXContainerItemProxy;
			containerPortal = 61A2A52922D29E1000A56054 /* Project object */;
			proxyType = 1;
			remoteGlobalIDString = 61A2A53022D29E1000A56054;
			remoteInfo = pinned;
		};
		61A2A55122D29E1200A56054 /* PBXContainerItemProxy */ = {
			isa = PBXContainerItemProxy;
			containerPortal = 61A2A52922D29E1000A56054 /* Project object */;
			proxyType = 1;
			remoteGlobalIDString = 61A2A53022D29E1000A56054;
			remoteInfo = pinned;
		};
/* End PBXContainerItemProxy section */

/* Begin PBXFileReference section */
		1FBFCA1D7E5F509767FBCE9F /* Pods-pinned.debug.xcconfig */ = {isa = PBXFileReference; includeInIndex = 1; lastKnownFileType = text.xcconfig; name = "Pods-pinned.debug.xcconfig"; path = "Target Support Files/Pods-pinned/Pods-pinned.debug.xcconfig"; sourceTree = "<group>"; };
		26DA78065C25C3C59709D3BB /* Pods_pinnedUITests.framework */ = {isa = PBXFileReference; explicitFileType = wrapper.framework; includeInIndex = 0; path = Pods_pinnedUITests.framework; sourceTree = BUILT_PRODUCTS_DIR; };
		3C1164267B8B31019CB1C7E7 /* Pods_pinned.framework */ = {isa = PBXFileReference; explicitFileType = wrapper.framework; includeInIndex = 0; path = Pods_pinned.framework; sourceTree = BUILT_PRODUCTS_DIR; };
		4606C8A8CE7CD3710B6B52E4 /* Pods-pinned.release.xcconfig */ = {isa = PBXFileReference; includeInIndex = 1; lastKnownFileType = text.xcconfig; name = "Pods-pinned.release.xcconfig"; path = "Target Support Files/Pods-pinned/Pods-pinned.release.xcconfig"; sourceTree = "<group>"; };
		5D4849D125605AF8F35BDFD3 /* Pods-pinnedUITests.release.xcconfig */ = {isa = PBXFileReference; includeInIndex = 1; lastKnownFileType = text.xcconfig; name = "Pods-pinnedUITests.release.xcconfig"; path = "Target Support Files/Pods-pinnedUITests/Pods-pinnedUITests.release.xcconfig"; sourceTree = "<group>"; };
		61193B42230BA3B70042ADAD /* NotificationViewController.swift */ = {isa = PBXFileReference; lastKnownFileType = sourcecode.swift; path = NotificationViewController.swift; sourceTree = "<group>"; };
		6132FDD9230C980A00EE41D5 /* DescriptionViewController.swift */ = {isa = PBXFileReference; lastKnownFileType = sourcecode.swift; path = DescriptionViewController.swift; sourceTree = "<group>"; };
		616B4E6B22D4DA79006728E6 /* ViewController.swift */ = {isa = PBXFileReference; lastKnownFileType = sourcecode.swift; name = ViewController.swift; path = /Users/tyleralbee/Desktop/pinned/pinned/ViewController.swift; sourceTree = "<absolute>"; };
		616B4E6E22D54F9C006728E6 /* PinViewController.swift */ = {isa = PBXFileReference; lastKnownFileType = sourcecode.swift; name = PinViewController.swift; path = /Users/tyleralbee/Desktop/pinned/pinned/PinViewController.swift; sourceTree = "<absolute>"; };
		61A2A53122D29E1000A56054 /* pinned.app */ = {isa = PBXFileReference; explicitFileType = wrapper.application; includeInIndex = 0; path = pinned.app; sourceTree = BUILT_PRODUCTS_DIR; };
		61A2A53422D29E1000A56054 /* AppDelegate.swift */ = {isa = PBXFileReference; lastKnownFileType = sourcecode.swift; path = AppDelegate.swift; sourceTree = "<group>"; };
		61A2A53B22D29E1200A56054 /* Assets.xcassets */ = {isa = PBXFileReference; lastKnownFileType = folder.assetcatalog; path = Assets.xcassets; sourceTree = "<group>"; };
		61A2A53E22D29E1200A56054 /* Base */ = {isa = PBXFileReference; lastKnownFileType = file.storyboard; name = Base; path = Base.lproj/LaunchScreen.storyboard; sourceTree = "<group>"; };
		61A2A54022D29E1200A56054 /* Info.plist */ = {isa = PBXFileReference; lastKnownFileType = text.plist.xml; path = Info.plist; sourceTree = "<group>"; };
		61A2A54522D29E1200A56054 /* pinnedTests.xctest */ = {isa = PBXFileReference; explicitFileType = wrapper.cfbundle; includeInIndex = 0; path = pinnedTests.xctest; sourceTree = BUILT_PRODUCTS_DIR; };
		61A2A54922D29E1200A56054 /* pinnedTests.swift */ = {isa = PBXFileReference; lastKnownFileType = sourcecode.swift; path = pinnedTests.swift; sourceTree = "<group>"; };
		61A2A54B22D29E1200A56054 /* Info.plist */ = {isa = PBXFileReference; lastKnownFileType = text.plist.xml; path = Info.plist; sourceTree = "<group>"; };
		61A2A55022D29E1200A56054 /* pinnedUITests.xctest */ = {isa = PBXFileReference; explicitFileType = wrapper.cfbundle; includeInIndex = 0; path = pinnedUITests.xctest; sourceTree = BUILT_PRODUCTS_DIR; };
		61A2A55422D29E1200A56054 /* pinnedUITests.swift */ = {isa = PBXFileReference; lastKnownFileType = sourcecode.swift; path = pinnedUITests.swift; sourceTree = "<group>"; };
		61A2A55622D29E1200A56054 /* Info.plist */ = {isa = PBXFileReference; lastKnownFileType = text.plist.xml; path = Info.plist; sourceTree = "<group>"; };
		61AC2847230B67170092EB32 /* GoogleService-Info.plist */ = {isa = PBXFileReference; fileEncoding = 4; lastKnownFileType = text.plist.xml; path = "GoogleService-Info.plist"; sourceTree = "<group>"; };
		61B2A34022E3B2310044C5D5 /* Main.storyboard */ = {isa = PBXFileReference; fileEncoding = 4; lastKnownFileType = file.storyboard; path = Main.storyboard; sourceTree = "<group>"; };
		889952C6B93D804CE2A5EE95 /* Pods-pinnedTests.release.xcconfig */ = {isa = PBXFileReference; includeInIndex = 1; lastKnownFileType = text.xcconfig; name = "Pods-pinnedTests.release.xcconfig"; path = "Target Support Files/Pods-pinnedTests/Pods-pinnedTests.release.xcconfig"; sourceTree = "<group>"; };
		A3D5D984168DCD0FF1E57495 /* Pods_pinnedTests.framework */ = {isa = PBXFileReference; explicitFileType = wrapper.framework; includeInIndex = 0; path = Pods_pinnedTests.framework; sourceTree = BUILT_PRODUCTS_DIR; };
		E4D6B3955A27F7FED16134B5 /* Pods-pinnedTests.debug.xcconfig */ = {isa = PBXFileReference; includeInIndex = 1; lastKnownFileType = text.xcconfig; name = "Pods-pinnedTests.debug.xcconfig"; path = "Target Support Files/Pods-pinnedTests/Pods-pinnedTests.debug.xcconfig"; sourceTree = "<group>"; };
		FF89B357B77069F7E3D3E492 /* Pods-pinnedUITests.debug.xcconfig */ = {isa = PBXFileReference; includeInIndex = 1; lastKnownFileType = text.xcconfig; name = "Pods-pinnedUITests.debug.xcconfig"; path = "Target Support Files/Pods-pinnedUITests/Pods-pinnedUITests.debug.xcconfig"; sourceTree = "<group>"; };
/* End PBXFileReference section */

/* Begin PBXFrameworksBuildPhase section */
		61A2A52E22D29E1000A56054 /* Frameworks */ = {
			isa = PBXFrameworksBuildPhase;
			buildActionMask = 2147483647;
			files = (
				5BCDEFEE9D7BAC3DFC9D118E /* Pods_pinned.framework in Frameworks */,
			);
			runOnlyForDeploymentPostprocessing = 0;
		};
		61A2A54222D29E1200A56054 /* Frameworks */ = {
			isa = PBXFrameworksBuildPhase;
			buildActionMask = 2147483647;
			files = (
				1FD1D71D034D80A1044446C2 /* Pods_pinnedTests.framework in Frameworks */,
			);
			runOnlyForDeploymentPostprocessing = 0;
		};
		61A2A54D22D29E1200A56054 /* Frameworks */ = {
			isa = PBXFrameworksBuildPhase;
			buildActionMask = 2147483647;
			files = (
				BADD8B733852579375114F8A /* Pods_pinnedUITests.framework in Frameworks */,
			);
			runOnlyForDeploymentPostprocessing = 0;
		};
/* End PBXFrameworksBuildPhase section */

/* Begin PBXGroup section */
		61A2A52822D29E1000A56054 = {
			isa = PBXGroup;
			children = (
				61A2A53322D29E1000A56054 /* pinned */,
				61A2A54822D29E1200A56054 /* pinnedTests */,
				61A2A55322D29E1200A56054 /* pinnedUITests */,
				61A2A53222D29E1000A56054 /* Products */,
				AF054EBEAB43263F5D38F1FC /* Pods */,
				76C8CC8581BFED692D02F4A8 /* Frameworks */,
			);
			sourceTree = "<group>";
		};
		61A2A53222D29E1000A56054 /* Products */ = {
			isa = PBXGroup;
			children = (
				61A2A53122D29E1000A56054 /* pinned.app */,
				61A2A54522D29E1200A56054 /* pinnedTests.xctest */,
				61A2A55022D29E1200A56054 /* pinnedUITests.xctest */,
			);
			name = Products;
			sourceTree = "<group>";
		};
		61A2A53322D29E1000A56054 /* pinned */ = {
			isa = PBXGroup;
			children = (
				61B2A34022E3B2310044C5D5 /* Main.storyboard */,
				61A2A53422D29E1000A56054 /* AppDelegate.swift */,
				616B4E6B22D4DA79006728E6 /* ViewController.swift */,
				616B4E6E22D54F9C006728E6 /* PinViewController.swift */,
				61193B42230BA3B70042ADAD /* NotificationViewController.swift */,
				6132FDD9230C980A00EE41D5 /* DescriptionViewController.swift */,
				61A2A53B22D29E1200A56054 /* Assets.xcassets */,
				61A2A53D22D29E1200A56054 /* LaunchScreen.storyboard */,
				61A2A54022D29E1200A56054 /* Info.plist */,
				61AC2847230B67170092EB32 /* GoogleService-Info.plist */,
			);
			path = pinned;
			sourceTree = "<group>";
		};
		61A2A54822D29E1200A56054 /* pinnedTests */ = {
			isa = PBXGroup;
			children = (
				61A2A54922D29E1200A56054 /* pinnedTests.swift */,
				61A2A54B22D29E1200A56054 /* Info.plist */,
			);
			path = pinnedTests;
			sourceTree = "<group>";
		};
		61A2A55322D29E1200A56054 /* pinnedUITests */ = {
			isa = PBXGroup;
			children = (
				61A2A55422D29E1200A56054 /* pinnedUITests.swift */,
				61A2A55622D29E1200A56054 /* Info.plist */,
			);
			path = pinnedUITests;
			sourceTree = "<group>";
		};
		76C8CC8581BFED692D02F4A8 /* Frameworks */ = {
			isa = PBXGroup;
			children = (
				3C1164267B8B31019CB1C7E7 /* Pods_pinned.framework */,
				A3D5D984168DCD0FF1E57495 /* Pods_pinnedTests.framework */,
				26DA78065C25C3C59709D3BB /* Pods_pinnedUITests.framework */,
			);
			name = Frameworks;
			sourceTree = "<group>";
		};
		AF054EBEAB43263F5D38F1FC /* Pods */ = {
			isa = PBXGroup;
			children = (
				1FBFCA1D7E5F509767FBCE9F /* Pods-pinned.debug.xcconfig */,
				4606C8A8CE7CD3710B6B52E4 /* Pods-pinned.release.xcconfig */,
				E4D6B3955A27F7FED16134B5 /* Pods-pinnedTests.debug.xcconfig */,
				889952C6B93D804CE2A5EE95 /* Pods-pinnedTests.release.xcconfig */,
				FF89B357B77069F7E3D3E492 /* Pods-pinnedUITests.debug.xcconfig */,
				5D4849D125605AF8F35BDFD3 /* Pods-pinnedUITests.release.xcconfig */,
			);
			path = Pods;
			sourceTree = "<group>";
		};
/* End PBXGroup section */

/* Begin PBXNativeTarget section */
		61A2A53022D29E1000A56054 /* pinned */ = {
			isa = PBXNativeTarget;
			buildConfigurationList = 61A2A55922D29E1200A56054 /* Build configuration list for PBXNativeTarget "pinned" */;
			buildPhases = (
				87EF82189EF04A47BF246376 /* [CP] Check Pods Manifest.lock */,
				61A2A52D22D29E1000A56054 /* Sources */,
				61A2A52E22D29E1000A56054 /* Frameworks */,
				61A2A52F22D29E1000A56054 /* Resources */,
				F557F143E49E0D10A5B205DD /* [CP] Embed Pods Frameworks */,
			);
			buildRules = (
			);
			dependencies = (
			);
			name = pinned;
			productName = pinned;
			productReference = 61A2A53122D29E1000A56054 /* pinned.app */;
			productType = "com.apple.product-type.application";
		};
		61A2A54422D29E1200A56054 /* pinnedTests */ = {
			isa = PBXNativeTarget;
			buildConfigurationList = 61A2A55C22D29E1200A56054 /* Build configuration list for PBXNativeTarget "pinnedTests" */;
			buildPhases = (
				971418EF6E8213B558E67DA5 /* [CP] Check Pods Manifest.lock */,
				61A2A54122D29E1200A56054 /* Sources */,
				61A2A54222D29E1200A56054 /* Frameworks */,
				61A2A54322D29E1200A56054 /* Resources */,
			);
			buildRules = (
			);
			dependencies = (
				61A2A54722D29E1200A56054 /* PBXTargetDependency */,
			);
			name = pinnedTests;
			productName = pinnedTests;
			productReference = 61A2A54522D29E1200A56054 /* pinnedTests.xctest */;
			productType = "com.apple.product-type.bundle.unit-test";
		};
		61A2A54F22D29E1200A56054 /* pinnedUITests */ = {
			isa = PBXNativeTarget;
			buildConfigurationList = 61A2A55F22D29E1200A56054 /* Build configuration list for PBXNativeTarget "pinnedUITests" */;
			buildPhases = (
				CE00C61ADDC3E1D4A4FF01F5 /* [CP] Check Pods Manifest.lock */,
				61A2A54C22D29E1200A56054 /* Sources */,
				61A2A54D22D29E1200A56054 /* Frameworks */,
				61A2A54E22D29E1200A56054 /* Resources */,
			);
			buildRules = (
			);
			dependencies = (
				61A2A55222D29E1200A56054 /* PBXTargetDependency */,
			);
			name = pinnedUITests;
			productName = pinnedUITests;
			productReference = 61A2A55022D29E1200A56054 /* pinnedUITests.xctest */;
			productType = "com.apple.product-type.bundle.ui-testing";
		};
/* End PBXNativeTarget section */

/* Begin PBXProject section */
		61A2A52922D29E1000A56054 /* Project object */ = {
			isa = PBXProject;
			attributes = {
				LastSwiftUpdateCheck = 1020;
				LastUpgradeCheck = 1020;
				ORGANIZATIONNAME = "Tyler Albee";
				TargetAttributes = {
					61A2A53022D29E1000A56054 = {
						CreatedOnToolsVersion = 10.2.1;
					};
					61A2A54422D29E1200A56054 = {
						CreatedOnToolsVersion = 10.2.1;
						TestTargetID = 61A2A53022D29E1000A56054;
					};
					61A2A54F22D29E1200A56054 = {
						CreatedOnToolsVersion = 10.2.1;
						TestTargetID = 61A2A53022D29E1000A56054;
					};
				};
			};
			buildConfigurationList = 61A2A52C22D29E1000A56054 /* Build configuration list for PBXProject "pinned" */;
			compatibilityVersion = "Xcode 9.3";
			developmentRegion = en;
			hasScannedForEncodings = 0;
			knownRegions = (
				en,
				Base,
			);
			mainGroup = 61A2A52822D29E1000A56054;
			productRefGroup = 61A2A53222D29E1000A56054 /* Products */;
			projectDirPath = "";
			projectRoot = "";
			targets = (
				61A2A53022D29E1000A56054 /* pinned */,
				61A2A54422D29E1200A56054 /* pinnedTests */,
				61A2A54F22D29E1200A56054 /* pinnedUITests */,
			);
		};
/* End PBXProject section */

/* Begin PBXResourcesBuildPhase section */
		61A2A52F22D29E1000A56054 /* Resources */ = {
			isa = PBXResourcesBuildPhase;
			buildActionMask = 2147483647;
			files = (
				61B2A34222E3B2310044C5D5 /* Main.storyboard in Resources */,
				61AC2848230B67170092EB32 /* GoogleService-Info.plist in Resources */,
				61A2A53F22D29E1200A56054 /* LaunchScreen.storyboard in Resources */,
				61A2A53C22D29E1200A56054 /* Assets.xcassets in Resources */,
			);
			runOnlyForDeploymentPostprocessing = 0;
		};
		61A2A54322D29E1200A56054 /* Resources */ = {
			isa = PBXResourcesBuildPhase;
			buildActionMask = 2147483647;
			files = (
				61AC2849230B67BF0092EB32 /* GoogleService-Info.plist in Resources */,
			);
			runOnlyForDeploymentPostprocessing = 0;
		};
		61A2A54E22D29E1200A56054 /* Resources */ = {
			isa = PBXResourcesBuildPhase;
			buildActionMask = 2147483647;
			files = (
				61AC284A230B67BF0092EB32 /* GoogleService-Info.plist in Resources */,
			);
			runOnlyForDeploymentPostprocessing = 0;
		};
/* End PBXResourcesBuildPhase section */

/* Begin PBXShellScriptBuildPhase section */
		87EF82189EF04A47BF246376 /* [CP] Check Pods Manifest.lock */ = {
			isa = PBXShellScriptBuildPhase;
			buildActionMask = 2147483647;
			files = (
			);
			inputFileListPaths = (
			);
			inputPaths = (
				"${PODS_PODFILE_DIR_PATH}/Podfile.lock",
				"${PODS_ROOT}/Manifest.lock",
			);
			name = "[CP] Check Pods Manifest.lock";
			outputFileListPaths = (
			);
			outputPaths = (
				"$(DERIVED_FILE_DIR)/Pods-pinned-checkManifestLockResult.txt",
			);
			runOnlyForDeploymentPostprocessing = 0;
			shellPath = /bin/sh;
			shellScript = "diff \"${PODS_PODFILE_DIR_PATH}/Podfile.lock\" \"${PODS_ROOT}/Manifest.lock\" > /dev/null\nif [ $? != 0 ] ; then\n    # print error to STDERR\n    echo \"error: The sandbox is not in sync with the Podfile.lock. Run 'pod install' or update your CocoaPods installation.\" >&2\n    exit 1\nfi\n# This output is used by Xcode 'outputs' to avoid re-running this script phase.\necho \"SUCCESS\" > \"${SCRIPT_OUTPUT_FILE_0}\"\n";
			showEnvVarsInLog = 0;
		};
		971418EF6E8213B558E67DA5 /* [CP] Check Pods Manifest.lock */ = {
			isa = PBXShellScriptBuildPhase;
			buildActionMask = 2147483647;
			files = (
			);
			inputFileListPaths = (
			);
			inputPaths = (
				"${PODS_PODFILE_DIR_PATH}/Podfile.lock",
				"${PODS_ROOT}/Manifest.lock",
			);
			name = "[CP] Check Pods Manifest.lock";
			outputFileListPaths = (
			);
			outputPaths = (
				"$(DERIVED_FILE_DIR)/Pods-pinnedTests-checkManifestLockResult.txt",
			);
			runOnlyForDeploymentPostprocessing = 0;
			shellPath = /bin/sh;
			shellScript = "diff \"${PODS_PODFILE_DIR_PATH}/Podfile.lock\" \"${PODS_ROOT}/Manifest.lock\" > /dev/null\nif [ $? != 0 ] ; then\n    # print error to STDERR\n    echo \"error: The sandbox is not in sync with the Podfile.lock. Run 'pod install' or update your CocoaPods installation.\" >&2\n    exit 1\nfi\n# This output is used by Xcode 'outputs' to avoid re-running this script phase.\necho \"SUCCESS\" > \"${SCRIPT_OUTPUT_FILE_0}\"\n";
			showEnvVarsInLog = 0;
		};
		CE00C61ADDC3E1D4A4FF01F5 /* [CP] Check Pods Manifest.lock */ = {
			isa = PBXShellScriptBuildPhase;
			buildActionMask = 2147483647;
			files = (
			);
			inputFileListPaths = (
			);
			inputPaths = (
				"${PODS_PODFILE_DIR_PATH}/Podfile.lock",
				"${PODS_ROOT}/Manifest.lock",
			);
			name = "[CP] Check Pods Manifest.lock";
			outputFileListPaths = (
			);
			outputPaths = (
				"$(DERIVED_FILE_DIR)/Pods-pinnedUITests-checkManifestLockResult.txt",
			);
			runOnlyForDeploymentPostprocessing = 0;
			shellPath = /bin/sh;
			shellScript = "diff \"${PODS_PODFILE_DIR_PATH}/Podfile.lock\" \"${PODS_ROOT}/Manifest.lock\" > /dev/null\nif [ $? != 0 ] ; then\n    # print error to STDERR\n    echo \"error: The sandbox is not in sync with the Podfile.lock. Run 'pod install' or update your CocoaPods installation.\" >&2\n    exit 1\nfi\n# This output is used by Xcode 'outputs' to avoid re-running this script phase.\necho \"SUCCESS\" > \"${SCRIPT_OUTPUT_FILE_0}\"\n";
			showEnvVarsInLog = 0;
		};
		F557F143E49E0D10A5B205DD /* [CP] Embed Pods Frameworks */ = {
			isa = PBXShellScriptBuildPhase;
			buildActionMask = 2147483647;
			files = (
			);
			inputFileListPaths = (
				"${PODS_ROOT}/Target Support Files/Pods-pinned/Pods-pinned-frameworks-${CONFIGURATION}-input-files.xcfilelist",
			);
			name = "[CP] Embed Pods Frameworks";
			outputFileListPaths = (
				"${PODS_ROOT}/Target Support Files/Pods-pinned/Pods-pinned-frameworks-${CONFIGURATION}-output-files.xcfilelist",
			);
			runOnlyForDeploymentPostprocessing = 0;
			shellPath = /bin/sh;
			shellScript = "\"${PODS_ROOT}/Target Support Files/Pods-pinned/Pods-pinned-frameworks.sh\"\n";
			showEnvVarsInLog = 0;
		};
/* End PBXShellScriptBuildPhase section */

/* Begin PBXSourcesBuildPhase section */
		61A2A52D22D29E1000A56054 /* Sources */ = {
			isa = PBXSourcesBuildPhase;
			buildActionMask = 2147483647;
			files = (
				616B4E6F22D54F9C006728E6 /* PinViewController.swift in Sources */,
				616B4E6C22D4DA79006728E6 /* ViewController.swift in Sources */,
				61193B43230BA3B70042ADAD /* NotificationViewController.swift in Sources */,
				6132FDDA230C980A00EE41D5 /* DescriptionViewController.swift in Sources */,
				61A2A53522D29E1000A56054 /* AppDelegate.swift in Sources */,
			);
			runOnlyForDeploymentPostprocessing = 0;
		};
		61A2A54122D29E1200A56054 /* Sources */ = {
			isa = PBXSourcesBuildPhase;
			buildActionMask = 2147483647;
			files = (
				61A2A54A22D29E1200A56054 /* pinnedTests.swift in Sources */,
			);
			runOnlyForDeploymentPostprocessing = 0;
		};
		61A2A54C22D29E1200A56054 /* Sources */ = {
			isa = PBXSourcesBuildPhase;
			buildActionMask = 2147483647;
			files = (
				61A2A55522D29E1200A56054 /* pinnedUITests.swift in Sources */,
			);
			runOnlyForDeploymentPostprocessing = 0;
		};
/* End PBXSourcesBuildPhase section */

/* Begin PBXTargetDependency section */
		61A2A54722D29E1200A56054 /* PBXTargetDependency */ = {
			isa = PBXTargetDependency;
			target = 61A2A53022D29E1000A56054 /* pinned */;
			targetProxy = 61A2A54622D29E1200A56054 /* PBXContainerItemProxy */;
		};
		61A2A55222D29E1200A56054 /* PBXTargetDependency */ = {
			isa = PBXTargetDependency;
			target = 61A2A53022D29E1000A56054 /* pinned */;
			targetProxy = 61A2A55122D29E1200A56054 /* PBXContainerItemProxy */;
		};
/* End PBXTargetDependency section */

/* Begin PBXVariantGroup section */
		61A2A53D22D29E1200A56054 /* LaunchScreen.storyboard */ = {
			isa = PBXVariantGroup;
			children = (
				61A2A53E22D29E1200A56054 /* Base */,
			);
			name = LaunchScreen.storyboard;
			sourceTree = "<group>";
		};
/* End PBXVariantGroup section */

/* Begin XCBuildConfiguration section */
		61A2A55722D29E1200A56054 /* Debug */ = {
			isa = XCBuildConfiguration;
			buildSettings = {
				ALWAYS_SEARCH_USER_PATHS = NO;
				CLANG_ANALYZER_NONNULL = YES;
				CLANG_ANALYZER_NUMBER_OBJECT_CONVERSION = YES_AGGRESSIVE;
				CLANG_CXX_LANGUAGE_STANDARD = "gnu++14";
				CLANG_CXX_LIBRARY = "libc++";
				CLANG_ENABLE_MODULES = YES;
				CLANG_ENABLE_OBJC_ARC = YES;
				CLANG_ENABLE_OBJC_WEAK = YES;
				CLANG_WARN_BLOCK_CAPTURE_AUTORELEASING = YES;
				CLANG_WARN_BOOL_CONVERSION = YES;
				CLANG_WARN_COMMA = YES;
				CLANG_WARN_CONSTANT_CONVERSION = YES;
				CLANG_WARN_DEPRECATED_OBJC_IMPLEMENTATIONS = YES;
				CLANG_WARN_DIRECT_OBJC_ISA_USAGE = YES_ERROR;
				CLANG_WARN_DOCUMENTATION_COMMENTS = YES;
				CLANG_WARN_EMPTY_BODY = YES;
				CLANG_WARN_ENUM_CONVERSION = YES;
				CLANG_WARN_INFINITE_RECURSION = YES;
				CLANG_WARN_INT_CONVERSION = YES;
				CLANG_WARN_NON_LITERAL_NULL_CONVERSION = YES;
				CLANG_WARN_OBJC_IMPLICIT_RETAIN_SELF = YES;
				CLANG_WARN_OBJC_LITERAL_CONVERSION = YES;
				CLANG_WARN_OBJC_ROOT_CLASS = YES_ERROR;
				CLANG_WARN_RANGE_LOOP_ANALYSIS = YES;
				CLANG_WARN_STRICT_PROTOTYPES = YES;
				CLANG_WARN_SUSPICIOUS_MOVE = YES;
				CLANG_WARN_UNGUARDED_AVAILABILITY = YES_AGGRESSIVE;
				CLANG_WARN_UNREACHABLE_CODE = YES;
				CLANG_WARN__DUPLICATE_METHOD_MATCH = YES;
				CODE_SIGN_IDENTITY = "iPhone Developer";
				COPY_PHASE_STRIP = NO;
				DEBUG_INFORMATION_FORMAT = dwarf;
				ENABLE_STRICT_OBJC_MSGSEND = YES;
				ENABLE_TESTABILITY = YES;
				GCC_C_LANGUAGE_STANDARD = gnu11;
				GCC_DYNAMIC_NO_PIC = NO;
				GCC_NO_COMMON_BLOCKS = YES;
				GCC_OPTIMIZATION_LEVEL = 0;
				GCC_PREPROCESSOR_DEFINITIONS = (
					"DEBUG=1",
					"$(inherited)",
				);
				GCC_WARN_64_TO_32_BIT_CONVERSION = YES;
				GCC_WARN_ABOUT_RETURN_TYPE = YES_ERROR;
				GCC_WARN_UNDECLARED_SELECTOR = YES;
				GCC_WARN_UNINITIALIZED_AUTOS = YES_AGGRESSIVE;
				GCC_WARN_UNUSED_FUNCTION = YES;
				GCC_WARN_UNUSED_VARIABLE = YES;
				IPHONEOS_DEPLOYMENT_TARGET = 12.2;
				MTL_ENABLE_DEBUG_INFO = INCLUDE_SOURCE;
				MTL_FAST_MATH = YES;
				ONLY_ACTIVE_ARCH = YES;
				SDKROOT = iphoneos;
				SWIFT_ACTIVE_COMPILATION_CONDITIONS = DEBUG;
				SWIFT_OPTIMIZATION_LEVEL = "-Onone";
			};
			name = Debug;
		};
		61A2A55822D29E1200A56054 /* Release */ = {
			isa = XCBuildConfiguration;
			buildSettings = {
				ALWAYS_SEARCH_USER_PATHS = NO;
				CLANG_ANALYZER_NONNULL = YES;
				CLANG_ANALYZER_NUMBER_OBJECT_CONVERSION = YES_AGGRESSIVE;
				CLANG_CXX_LANGUAGE_STANDARD = "gnu++14";
				CLANG_CXX_LIBRARY = "libc++";
				CLANG_ENABLE_MODULES = YES;
				CLANG_ENABLE_OBJC_ARC = YES;
				CLANG_ENABLE_OBJC_WEAK = YES;
				CLANG_WARN_BLOCK_CAPTURE_AUTORELEASING = YES;
				CLANG_WARN_BOOL_CONVERSION = YES;
				CLANG_WARN_COMMA = YES;
				CLANG_WARN_CONSTANT_CONVERSION = YES;
				CLANG_WARN_DEPRECATED_OBJC_IMPLEMENTATIONS = YES;
				CLANG_WARN_DIRECT_OBJC_ISA_USAGE = YES_ERROR;
				CLANG_WARN_DOCUMENTATION_COMMENTS = YES;
				CLANG_WARN_EMPTY_BODY = YES;
				CLANG_WARN_ENUM_CONVERSION = YES;
				CLANG_WARN_INFINITE_RECURSION = YES;
				CLANG_WARN_INT_CONVERSION = YES;
				CLANG_WARN_NON_LITERAL_NULL_CONVERSION = YES;
				CLANG_WARN_OBJC_IMPLICIT_RETAIN_SELF = YES;
				CLANG_WARN_OBJC_LITERAL_CONVERSION = YES;
				CLANG_WARN_OBJC_ROOT_CLASS = YES_ERROR;
				CLANG_WARN_RANGE_LOOP_ANALYSIS = YES;
				CLANG_WARN_STRICT_PROTOTYPES = YES;
				CLANG_WARN_SUSPICIOUS_MOVE = YES;
				CLANG_WARN_UNGUARDED_AVAILABILITY = YES_AGGRESSIVE;
				CLANG_WARN_UNREACHABLE_CODE = YES;
				CLANG_WARN__DUPLICATE_METHOD_MATCH = YES;
				CODE_SIGN_IDENTITY = "iPhone Developer";
				COPY_PHASE_STRIP = NO;
				DEBUG_INFORMATION_FORMAT = "dwarf-with-dsym";
				ENABLE_NS_ASSERTIONS = NO;
				ENABLE_STRICT_OBJC_MSGSEND = YES;
				GCC_C_LANGUAGE_STANDARD = gnu11;
				GCC_NO_COMMON_BLOCKS = YES;
				GCC_WARN_64_TO_32_BIT_CONVERSION = YES;
				GCC_WARN_ABOUT_RETURN_TYPE = YES_ERROR;
				GCC_WARN_UNDECLARED_SELECTOR = YES;
				GCC_WARN_UNINITIALIZED_AUTOS = YES_AGGRESSIVE;
				GCC_WARN_UNUSED_FUNCTION = YES;
				GCC_WARN_UNUSED_VARIABLE = YES;
				IPHONEOS_DEPLOYMENT_TARGET = 12.2;
				MTL_ENABLE_DEBUG_INFO = NO;
				MTL_FAST_MATH = YES;
				SDKROOT = iphoneos;
				SWIFT_COMPILATION_MODE = wholemodule;
				SWIFT_OPTIMIZATION_LEVEL = "-O";
				VALIDATE_PRODUCT = YES;
			};
			name = Release;
		};
		61A2A55A22D29E1200A56054 /* Debug */ = {
			isa = XCBuildConfiguration;
			baseConfigurationReference = 1FBFCA1D7E5F509767FBCE9F /* Pods-pinned.debug.xcconfig */;
			buildSettings = {
				ASSETCATALOG_COMPILER_APPICON_NAME = AppIcon;
				CODE_SIGN_STYLE = Automatic;
				INFOPLIST_FILE = pinned/Info.plist;
				LD_RUNPATH_SEARCH_PATHS = (
					"$(inherited)",
					"@executable_path/Frameworks",
				);
				PRODUCT_BUNDLE_IDENTIFIER = com.example.pinned;
				PRODUCT_NAME = "$(TARGET_NAME)";
				SWIFT_VERSION = 5.0;
				TARGETED_DEVICE_FAMILY = "1,2";
			};
			name = Debug;
		};
		61A2A55B22D29E1200A56054 /* Release */ = {
			isa = XCBuildConfiguration;
			baseConfigurationReference = 4606C8A8CE7CD3710B6B52E4 /* Pods-pinned.release.xcconfig */;
			buildSettings = {
				ASSETCATALOG_COMPILER_APPICON_NAME = AppIcon;
				CODE_SIGN_STYLE = Automatic;
				INFOPLIST_FILE = pinned/Info.plist;
				LD_RUNPATH_SEARCH_PATHS = (
					"$(inherited)",
					"@executable_path/Frameworks",
				);
				PRODUCT_BUNDLE_IDENTIFIER = com.example.pinned;
				PRODUCT_NAME = "$(TARGET_NAME)";
				SWIFT_VERSION = 5.0;
				TARGETED_DEVICE_FAMILY = "1,2";
			};
			name = Release;
		};
		61A2A55D22D29E1200A56054 /* Debug */ = {
			isa = XCBuildConfiguration;
			baseConfigurationReference = E4D6B3955A27F7FED16134B5 /* Pods-pinnedTests.debug.xcconfig */;
			buildSettings = {
				ALWAYS_EMBED_SWIFT_STANDARD_LIBRARIES = YES;
				BUNDLE_LOADER = "$(TEST_HOST)";
				CODE_SIGN_STYLE = Automatic;
				INFOPLIST_FILE = pinnedTests/Info.plist;
				LD_RUNPATH_SEARCH_PATHS = (
					"$(inherited)",
					"@executable_path/Frameworks",
					"@loader_path/Frameworks",
				);
				PRODUCT_BUNDLE_IDENTIFIER = com.example.pinnedTests;
				PRODUCT_NAME = "$(TARGET_NAME)";
				SWIFT_VERSION = 5.0;
				TARGETED_DEVICE_FAMILY = "1,2";
				TEST_HOST = "$(BUILT_PRODUCTS_DIR)/pinned.app/pinned";
			};
			name = Debug;
		};
		61A2A55E22D29E1200A56054 /* Release */ = {
			isa = XCBuildConfiguration;
			baseConfigurationReference = 889952C6B93D804CE2A5EE95 /* Pods-pinnedTests.release.xcconfig */;
			buildSettings = {
				ALWAYS_EMBED_SWIFT_STANDARD_LIBRARIES = YES;
				BUNDLE_LOADER = "$(TEST_HOST)";
				CODE_SIGN_STYLE = Automatic;
				INFOPLIST_FILE = pinnedTests/Info.plist;
				LD_RUNPATH_SEARCH_PATHS = (
					"$(inherited)",
					"@executable_path/Frameworks",
					"@loader_path/Frameworks",
				);
				PRODUCT_BUNDLE_IDENTIFIER = com.example.pinnedTests;
				PRODUCT_NAME = "$(TARGET_NAME)";
				SWIFT_VERSION = 5.0;
				TARGETED_DEVICE_FAMILY = "1,2";
				TEST_HOST = "$(BUILT_PRODUCTS_DIR)/pinned.app/pinned";
			};
			name = Release;
		};
		61A2A56022D29E1200A56054 /* Debug */ = {
			isa = XCBuildConfiguration;
			baseConfigurationReference = FF89B357B77069F7E3D3E492 /* Pods-pinnedUITests.debug.xcconfig */;
			buildSettings = {
				ALWAYS_EMBED_SWIFT_STANDARD_LIBRARIES = YES;
				CODE_SIGN_STYLE = Automatic;
				INFOPLIST_FILE = pinnedUITests/Info.plist;
				LD_RUNPATH_SEARCH_PATHS = (
					"$(inherited)",
					"@executable_path/Frameworks",
					"@loader_path/Frameworks",
				);
				PRODUCT_BUNDLE_IDENTIFIER = com.example.pinnedUITests;
				PRODUCT_NAME = "$(TARGET_NAME)";
				SWIFT_VERSION = 5.0;
				TARGETED_DEVICE_FAMILY = "1,2";
				TEST_TARGET_NAME = pinned;
			};
			name = Debug;
		};
		61A2A56122D29E1200A56054 /* Release */ = {
			isa = XCBuildConfiguration;
			baseConfigurationReference = 5D4849D125605AF8F35BDFD3 /* Pods-pinnedUITests.release.xcconfig */;
			buildSettings = {
				ALWAYS_EMBED_SWIFT_STANDARD_LIBRARIES = YES;
				CODE_SIGN_STYLE = Automatic;
				INFOPLIST_FILE = pinnedUITests/Info.plist;
				LD_RUNPATH_SEARCH_PATHS = (
					"$(inherited)",
					"@executable_path/Frameworks",
					"@loader_path/Frameworks",
				);
				PRODUCT_BUNDLE_IDENTIFIER = com.example.pinnedUITests;
				PRODUCT_NAME = "$(TARGET_NAME)";
				SWIFT_VERSION = 5.0;
				TARGETED_DEVICE_FAMILY = "1,2";
				TEST_TARGET_NAME = pinned;
			};
			name = Release;
		};
/* End XCBuildConfiguration section */

/* Begin XCConfigurationList section */
		61A2A52C22D29E1000A56054 /* Build configuration list for PBXProject "pinned" */ = {
			isa = XCConfigurationList;
			buildConfigurations = (
				61A2A55722D29E1200A56054 /* Debug */,
				61A2A55822D29E1200A56054 /* Release */,
			);
			defaultConfigurationIsVisible = 0;
			defaultConfigurationName = Release;
		};
		61A2A55922D29E1200A56054 /* Build configuration list for PBXNativeTarget "pinned" */ = {
			isa = XCConfigurationList;
			buildConfigurations = (
				61A2A55A22D29E1200A56054 /* Debug */,
				61A2A55B22D29E1200A56054 /* Release */,
			);
			defaultConfigurationIsVisible = 0;
			defaultConfigurationName = Release;
		};
		61A2A55C22D29E1200A56054 /* Build configuration list for PBXNativeTarget "pinnedTests" */ = {
			isa = XCConfigurationList;
			buildConfigurations = (
				61A2A55D22D29E1200A56054 /* Debug */,
				61A2A55E22D29E1200A56054 /* Release */,
			);
			defaultConfigurationIsVisible = 0;
			defaultConfigurationName = Release;
		};
		61A2A55F22D29E1200A56054 /* Build configuration list for PBXNativeTarget "pinnedUITests" */ = {
			isa = XCConfigurationList;
			buildConfigurations = (
				61A2A56022D29E1200A56054 /* Debug */,
				61A2A56122D29E1200A56054 /* Release */,
			);
			defaultConfigurationIsVisible = 0;
			defaultConfigurationName = Release;
		};
/* End XCConfigurationList section */
	};
	rootObject = 61A2A52922D29E1000A56054 /* Project object */;
}
